dependencies:
  idf:
    source:
      type: idf
    version: 6.0.0
  myUART:
    component_hash: dc639225350069227544c7eaeabda6715a352042eb0608d5e7afdac4965b7e0c
    dependencies: []
    source:
      git: https://github.com/KNaelaerts/ESP32_Periferie.git
      path: components/myUART
      type: git
    version: a1623523337cabfc1783a4fe8213e07b7b3ea8f5
direct_dependencies:
- myUART
manifest_hash: f11ee8f73fbea01827c6397d1ee2c331d3223d6cb880ba58e47976efb03fb357
target: esp32
version: 3.0.0
