dependencies:
  idf:
    source:
      type: idf
    version: 5.5.2
  myGPIO:
    component_hash: 6e9caf0ea609a17e939511db326c103bd5febeaca93f33458b9d9cced5b11d4b
    dependencies: []
    source:
      git: https://github.com/KNaelaerts/ESP32_Periferie.git
      path: components/myGPIO
      type: git
    version: 751e0b19e37d47a4c4e2a0c9d528dd3af1f128b6
direct_dependencies:
- myGPIO
manifest_hash: c7f29578a41ee261b23cdbe701ce3f8c8c7022624b722589460f230b3976cb5e
target: esp32
version: 2.0.0
