dependencies:
  idf:
    source:
      type: idf
    version: 5.5.2
  myADC:
    component_hash: 7b9c99727d5023ea65ebec5d771e739d6ea467e87d1f4faaa9ad3d10c124bd5a
    dependencies: []
    source:
      git: https://github.com/KNaelaerts/ESP32_Periferie.git
      path: components/myADC
      type: git
    version: 9b239e92aa3fc689a42de9194b8dc99ef460f93f
direct_dependencies:
- myADC
manifest_hash: 2d109f9bffcac53f2e8163f079d2ce55aa254fb09feb5e05d8e81f7e28bd7f34
target: esp32
version: 2.0.0
